
Microsoft Visual Studio Solution File, Format Version 12.00
# Visual Studio Version 16
VisualStudioVersion = 16.0.810.22
MinimumVisualStudioVersion = 10.0.40219.1
Project("{FAE04EC0-301F-11D3-BF4B-00C04F79EFBC}") = "envtest", "envtest\envtest.csproj", "{952328D8-F382-4F46-B2A6-6A20C6BCDDB4}"
EndProject
Global
	GlobalSection(SolutionConfigurationPlatforms) = preSolution
		Debug|anycpu = Debug|anycpu
		Release|anycpu = Release|anycpu
	EndGlobalSection
	GlobalSection(ProjectConfigurationPlatforms) = postSolution
		{952328D8-F382-4F46-B2A6-6A20C6BCDDB4}.Debug|anycpu.ActiveCfg = Debug|anycpu
		{952328D8-F382-4F46-B2A6-6A20C6BCDDB4}.Debug|anycpu.Build.0 = Debug|anycpu
		{952328D8-F382-4F46-B2A6-6A20C6BCDDB4}.Release|anycpu.ActiveCfg = Release|anycpu
		{952328D8-F382-4F46-B2A6-6A20C6BCDDB4}.Release|anycpu.Build.0 = Release|anycpu
	EndGlobalSection
	GlobalSection(SolutionProperties) = preSolution
		HideSolutionNode = FALSE
	EndGlobalSection
	GlobalSection(ExtensibilityGlobals) = postSolution
		SolutionGuid = {AF7CF8B6-FE07-4872-A9E4-600F75EF1B86}
	EndGlobalSection
EndGlobal
